{
  "pins" : [
    {
      "identity" : "baseviper",
      "kind" : "remoteSourceControl",
      "location" : "https://github.com/EdeXApple/BaseViper",
      "state" : {
        "branch" : "feature/Rebranding",
        "revision" : "89e092dbad0073e71a64324bfa1975350e28a127"
      }
    }
  ],
  "version" : 2
}
