{
  "pins" : [
    {
      "identity" : "baseviper",
      "kind" : "remoteSourceControl",
      "location" : "https://github.com/EdeXApple/BaseViper",
      "state" : {
        "revision" : "fec990d07ba93254b0a7237e63d8a8b40432a3f0",
        "version" : "1.0.0"
      }
    }
  ],
  "version" : 2
}
